# THIS IS AN AUTOGENERATED FILE. DO NOT EDIT THIS FILE DIRECTLY.
# yarn lockfile v1


"@babel/runtime@^7.21.0":
  version "7.22.10"
  resolved "https://registry.yarnpkg.com/@babel/runtime/-/runtime-7.22.10.tgz#ae3e9631fd947cb7e3610d3e9d8fef5f76696682"
  integrity sha512-21t/fkKLMZI4pqP2wlmsQAWnYW1PDyKyyUV4vCi+B25ydmdaYTKXPwCj0BzSUnZf4seIiYvSA3jcZ3gdsMFkLQ==
  dependencies:
    regenerator-runtime "^0.14.0"

"@kurkle/color@^0.3.0":
  version "0.3.2"
  resolved "https://registry.yarnpkg.com/@kurkle/color/-/color-0.3.2.tgz#5acd38242e8bde4f9986e7913c8fdf49d3aa199f"
  integrity sha512-fuscdXJ9G1qb7W8VdHi+IwRqij3lBkosAm4ydQtEmbY58OzHXqQhvlxqEkoz0yssNVn38bcpRWgA9PP+OGoisw==

"@popperjs/core@2.0.0-alpha.1":
  version "2.0.0-alpha.1"
  resolved "https://registry.yarnpkg.com/@popperjs/core/-/core-2.0.0-alpha.1.tgz#027e88eb5d890b87942b3188cdc99a50786ad854"
  integrity sha512-AEw/mCzKVPweZMy6DAeLQT2xDUtoHWL4I2v2/091Yr3M6RL5v2I786/3Ln1W19eO5/FoimUUtI6L8CpAp06Txw==

chart.js@4, chart.js@^4.3.3:
  version "4.3.3"
  resolved "https://registry.yarnpkg.com/chart.js/-/chart.js-4.3.3.tgz#dcd98afadf9fcfa5219e72ace5912092ea48fd36"
  integrity sha512-aTk7pBw+x6sQYhon/NR3ikfUJuym/LdgpTlgZRe2PaEhjUMKBKyNaFCMVRAyTEWYFNO7qRu7iQVqOw/OqzxZxQ==
  dependencies:
    "@kurkle/color" "^0.3.0"

chartjs-adapter-date-fns@>=3:
  version "3.0.0"
  resolved "https://registry.yarnpkg.com/chartjs-adapter-date-fns/-/chartjs-adapter-date-fns-3.0.0.tgz#c25f63c7f317c1f96f9a7c44bd45eeedb8a478e5"
  integrity sha512-Rs3iEB3Q5pJ973J93OBTpnP7qoGwvq3nUnoMdtxO+9aoJof7UFcRbWcIDteXuYd1fgAvct/32T9qaLyLuZVwCg==

chartkick@^5.0.1:
  version "5.0.1"
  resolved "https://registry.yarnpkg.com/chartkick/-/chartkick-5.0.1.tgz#f557ff8560f974343dc65c7fc34ce1e8326d8ee7"
  integrity sha512-4F3tWI3eBQgnjCYZIZ+fHOaJuNyxeyhDE2Tm+voOWB19hDjSJceys/spzN52DOn8bWepNESGXvPVTGU1jeFsbA==
  optionalDependencies:
    chart.js "4"
    chartjs-adapter-date-fns ">=3"
    date-fns ">=2"

date-fns@>=2:
  version "2.30.0"
  resolved "https://registry.yarnpkg.com/date-fns/-/date-fns-2.30.0.tgz#f367e644839ff57894ec6ac480de40cae4b0f4d0"
  integrity sha512-fnULvOpxnC5/Vg3NCiWelDsLiUc9bRwAPs/+LfTLNvetFCtCTN+yQz15C/fs4AwX1R9K5GLtLfn8QW+dWisaAw==
  dependencies:
    "@babel/runtime" "^7.21.0"

regenerator-runtime@^0.14.0:
  version "0.14.0"
  resolved "https://registry.yarnpkg.com/regenerator-runtime/-/regenerator-runtime-0.14.0.tgz#5e19d68eb12d486f797e15a3c6a918f7cec5eb45"
  integrity sha512-srw17NI0TUWHuGa5CFGGmhfNIeja30WMBfbslPNhf6JrqQlLN5gcrvig1oqPxiVaXb0oW0XRKtH6Nngs5lKCIA==
